
Microsoft Visual Studio Solution File, Format Version 12.00
# Visual Studio Version 17
VisualStudioVersion = 17.10.35013.160
MinimumVisualStudioVersion = 10.0.40219.1
Project("{FAE04EC0-301F-11D3-BF4B-00C04F79EFBC}") = "Магазин", "Магазин\Магазин.csproj", "{EC073FF9-632A-4C0E-9514-8C435ECB5246}"
EndProject
Global
	GlobalSection(SolutionConfigurationPlatforms) = preSolution
		Debug|Any CPU = Debug|Any CPU
		Release|Any CPU = Release|Any CPU
	EndGlobalSection
	GlobalSection(ProjectConfigurationPlatforms) = postSolution
		{EC073FF9-632A-4C0E-9514-8C435ECB5246}.Debug|Any CPU.ActiveCfg = Debug|Any CPU
		{EC073FF9-632A-4C0E-9514-8C435ECB5246}.Debug|Any CPU.Build.0 = Debug|Any CPU
		{EC073FF9-632A-4C0E-9514-8C435ECB5246}.Release|Any CPU.ActiveCfg = Release|Any CPU
		{EC073FF9-632A-4C0E-9514-8C435ECB5246}.Release|Any CPU.Build.0 = Release|Any CPU
	EndGlobalSection
	GlobalSection(SolutionProperties) = preSolution
		HideSolutionNode = FALSE
	EndGlobalSection
	GlobalSection(ExtensibilityGlobals) = postSolution
		SolutionGuid = {0BFD3629-4F9F-4049-83EA-CEFBD5C7F9BA}
	EndGlobalSection
EndGlobal
